
Microsoft Visual Studio Solution File, Format Version 12.00
# Visual Studio 15
VisualStudioVersion = 15.0.28307.757
MinimumVisualStudioVersion = 10.0.40219.1
Project("{FAE04EC0-301F-11D3-BF4B-00C04F79EFBC}") = "ConsoleApp", "Altkom.Siemens.CSharp.ConsoleApp\ConsoleApp.csproj", "{A755B10F-D721-4920-9F5B-7868763D688C}"
EndProject
Project("{FAE04EC0-301F-11D3-BF4B-00C04F79EFBC}") = "Models", "Altkom.Siemens.CSharp.Models\Models.csproj", "{50AF854C-C5F7-40B5-8810-F6CCB486AA19}"
EndProject
Project("{FAE04EC0-301F-11D3-BF4B-00C04F79EFBC}") = "IServices", "Altkom.Siemens.CSharp.IServices\IServices.csproj", "{56EB102B-B4C2-4B4F-BCC8-2645A3896E64}"
EndProject
Project("{FAE04EC0-301F-11D3-BF4B-00C04F79EFBC}") = "CollectionBasedService", "Altkom.Siemens.CSharp.CollectionBasedService\CollectionBasedService.csproj", "{55803698-7579-4FFE-813C-19A79191EC61}"
EndProject
Project("{FAE04EC0-301F-11D3-BF4B-00C04F79EFBC}") = "SOLID", "Altkom.Siemens.CSharp.SOLID\SOLID.csproj", "{E3D43BBE-6BE6-411B-919E-6537BC125178}"
EndProject
Global
	GlobalSection(SolutionConfigurationPlatforms) = preSolution
		Debug|Any CPU = Debug|Any CPU
		Release|Any CPU = Release|Any CPU
	EndGlobalSection
	GlobalSection(ProjectConfigurationPlatforms) = postSolution
		{A755B10F-D721-4920-9F5B-7868763D688C}.Debug|Any CPU.ActiveCfg = Debug|Any CPU
		{A755B10F-D721-4920-9F5B-7868763D688C}.Debug|Any CPU.Build.0 = Debug|Any CPU
		{A755B10F-D721-4920-9F5B-7868763D688C}.Release|Any CPU.ActiveCfg = Release|Any CPU
		{A755B10F-D721-4920-9F5B-7868763D688C}.Release|Any CPU.Build.0 = Release|Any CPU
		{50AF854C-C5F7-40B5-8810-F6CCB486AA19}.Debug|Any CPU.ActiveCfg = Debug|Any CPU
		{50AF854C-C5F7-40B5-8810-F6CCB486AA19}.Debug|Any CPU.Build.0 = Debug|Any CPU
		{50AF854C-C5F7-40B5-8810-F6CCB486AA19}.Release|Any CPU.ActiveCfg = Release|Any CPU
		{50AF854C-C5F7-40B5-8810-F6CCB486AA19}.Release|Any CPU.Build.0 = Release|Any CPU
		{56EB102B-B4C2-4B4F-BCC8-2645A3896E64}.Debug|Any CPU.ActiveCfg = Debug|Any CPU
		{56EB102B-B4C2-4B4F-BCC8-2645A3896E64}.Debug|Any CPU.Build.0 = Debug|Any CPU
		{56EB102B-B4C2-4B4F-BCC8-2645A3896E64}.Release|Any CPU.ActiveCfg = Release|Any CPU
		{56EB102B-B4C2-4B4F-BCC8-2645A3896E64}.Release|Any CPU.Build.0 = Release|Any CPU
		{55803698-7579-4FFE-813C-19A79191EC61}.Debug|Any CPU.ActiveCfg = Debug|Any CPU
		{55803698-7579-4FFE-813C-19A79191EC61}.Debug|Any CPU.Build.0 = Debug|Any CPU
		{55803698-7579-4FFE-813C-19A79191EC61}.Release|Any CPU.ActiveCfg = Release|Any CPU
		{55803698-7579-4FFE-813C-19A79191EC61}.Release|Any CPU.Build.0 = Release|Any CPU
		{E3D43BBE-6BE6-411B-919E-6537BC125178}.Debug|Any CPU.ActiveCfg = Debug|Any CPU
		{E3D43BBE-6BE6-411B-919E-6537BC125178}.Debug|Any CPU.Build.0 = Debug|Any CPU
		{E3D43BBE-6BE6-411B-919E-6537BC125178}.Release|Any CPU.ActiveCfg = Release|Any CPU
		{E3D43BBE-6BE6-411B-919E-6537BC125178}.Release|Any CPU.Build.0 = Release|Any CPU
	EndGlobalSection
	GlobalSection(SolutionProperties) = preSolution
		HideSolutionNode = FALSE
	EndGlobalSection
	GlobalSection(ExtensibilityGlobals) = postSolution
		SolutionGuid = {6D03E474-3CAC-4EC6-AA39-451B4E05AF25}
	EndGlobalSection
EndGlobal
